
Microsoft Visual Studio Solution File, Format Version 12.00
# Visual Studio Version 16
VisualStudioVersion = 16.6.30114.105
MinimumVisualStudioVersion = 10.0.40219.1
Project("{9A19103F-16F7-4668-BE54-9A1E7A4F7556}") = "ModelBinding", "ModelBinding\ModelBinding.csproj", "{8A5A0690-320C-4AB9-99CC-00751BE09F65}"
EndProject
Project("{9A19103F-16F7-4668-BE54-9A1E7A4F7556}") = "RequestInterception", "RequestInterception\RequestInterception.csproj", "{DBEF29D4-135C-4EC2-AA16-F43453980063}"
EndProject
Project("{9A19103F-16F7-4668-BE54-9A1E7A4F7556}") = "RequestToDomain", "RequestToDomain\RequestToDomain.csproj", "{54D6A34A-2406-4A11-B86A-0FE9F5B74471}"
EndProject
Project("{9A19103F-16F7-4668-BE54-9A1E7A4F7556}") = "DependencyInjection", "DependencyInjection\DependencyInjection.csproj", "{F9583DB6-583E-45FD-A5C2-5DB6247AF31A}"
EndProject
Global
	GlobalSection(SolutionConfigurationPlatforms) = preSolution
		Debug|Any CPU = Debug|Any CPU
		Debug|x64 = Debug|x64
		Debug|x86 = Debug|x86
		Release|Any CPU = Release|Any CPU
		Release|x64 = Release|x64
		Release|x86 = Release|x86
	EndGlobalSection
	GlobalSection(ProjectConfigurationPlatforms) = postSolution
		{8A5A0690-320C-4AB9-99CC-00751BE09F65}.Debug|Any CPU.ActiveCfg = Debug|Any CPU
		{8A5A0690-320C-4AB9-99CC-00751BE09F65}.Debug|Any CPU.Build.0 = Debug|Any CPU
		{8A5A0690-320C-4AB9-99CC-00751BE09F65}.Debug|x64.ActiveCfg = Debug|Any CPU
		{8A5A0690-320C-4AB9-99CC-00751BE09F65}.Debug|x64.Build.0 = Debug|Any CPU
		{8A5A0690-320C-4AB9-99CC-00751BE09F65}.Debug|x86.ActiveCfg = Debug|Any CPU
		{8A5A0690-320C-4AB9-99CC-00751BE09F65}.Debug|x86.Build.0 = Debug|Any CPU
		{8A5A0690-320C-4AB9-99CC-00751BE09F65}.Release|Any CPU.ActiveCfg = Release|Any CPU
		{8A5A0690-320C-4AB9-99CC-00751BE09F65}.Release|Any CPU.Build.0 = Release|Any CPU
		{8A5A0690-320C-4AB9-99CC-00751BE09F65}.Release|x64.ActiveCfg = Release|Any CPU
		{8A5A0690-320C-4AB9-99CC-00751BE09F65}.Release|x64.Build.0 = Release|Any CPU
		{8A5A0690-320C-4AB9-99CC-00751BE09F65}.Release|x86.ActiveCfg = Release|Any CPU
		{8A5A0690-320C-4AB9-99CC-00751BE09F65}.Release|x86.Build.0 = Release|Any CPU
		{DBEF29D4-135C-4EC2-AA16-F43453980063}.Debug|Any CPU.ActiveCfg = Debug|Any CPU
		{DBEF29D4-135C-4EC2-AA16-F43453980063}.Debug|Any CPU.Build.0 = Debug|Any CPU
		{DBEF29D4-135C-4EC2-AA16-F43453980063}.Debug|x64.ActiveCfg = Debug|Any CPU
		{DBEF29D4-135C-4EC2-AA16-F43453980063}.Debug|x64.Build.0 = Debug|Any CPU
		{DBEF29D4-135C-4EC2-AA16-F43453980063}.Debug|x86.ActiveCfg = Debug|Any CPU
		{DBEF29D4-135C-4EC2-AA16-F43453980063}.Debug|x86.Build.0 = Debug|Any CPU
		{DBEF29D4-135C-4EC2-AA16-F43453980063}.Release|Any CPU.ActiveCfg = Release|Any CPU
		{DBEF29D4-135C-4EC2-AA16-F43453980063}.Release|Any CPU.Build.0 = Release|Any CPU
		{DBEF29D4-135C-4EC2-AA16-F43453980063}.Release|x64.ActiveCfg = Release|Any CPU
		{DBEF29D4-135C-4EC2-AA16-F43453980063}.Release|x64.Build.0 = Release|Any CPU
		{DBEF29D4-135C-4EC2-AA16-F43453980063}.Release|x86.ActiveCfg = Release|Any CPU
		{DBEF29D4-135C-4EC2-AA16-F43453980063}.Release|x86.Build.0 = Release|Any CPU
		{54D6A34A-2406-4A11-B86A-0FE9F5B74471}.Debug|Any CPU.ActiveCfg = Debug|Any CPU
		{54D6A34A-2406-4A11-B86A-0FE9F5B74471}.Debug|Any CPU.Build.0 = Debug|Any CPU
		{54D6A34A-2406-4A11-B86A-0FE9F5B74471}.Debug|x64.ActiveCfg = Debug|Any CPU
		{54D6A34A-2406-4A11-B86A-0FE9F5B74471}.Debug|x64.Build.0 = Debug|Any CPU
		{54D6A34A-2406-4A11-B86A-0FE9F5B74471}.Debug|x86.ActiveCfg = Debug|Any CPU
		{54D6A34A-2406-4A11-B86A-0FE9F5B74471}.Debug|x86.Build.0 = Debug|Any CPU
		{54D6A34A-2406-4A11-B86A-0FE9F5B74471}.Release|Any CPU.ActiveCfg = Release|Any CPU
		{54D6A34A-2406-4A11-B86A-0FE9F5B74471}.Release|Any CPU.Build.0 = Release|Any CPU
		{54D6A34A-2406-4A11-B86A-0FE9F5B74471}.Release|x64.ActiveCfg = Release|Any CPU
		{54D6A34A-2406-4A11-B86A-0FE9F5B74471}.Release|x64.Build.0 = Release|Any CPU
		{54D6A34A-2406-4A11-B86A-0FE9F5B74471}.Release|x86.ActiveCfg = Release|Any CPU
		{54D6A34A-2406-4A11-B86A-0FE9F5B74471}.Release|x86.Build.0 = Release|Any CPU
		{F9583DB6-583E-45FD-A5C2-5DB6247AF31A}.Debug|Any CPU.ActiveCfg = Debug|Any CPU
		{F9583DB6-583E-45FD-A5C2-5DB6247AF31A}.Debug|Any CPU.Build.0 = Debug|Any CPU
		{F9583DB6-583E-45FD-A5C2-5DB6247AF31A}.Debug|x64.ActiveCfg = Debug|Any CPU
		{F9583DB6-583E-45FD-A5C2-5DB6247AF31A}.Debug|x64.Build.0 = Debug|Any CPU
		{F9583DB6-583E-45FD-A5C2-5DB6247AF31A}.Debug|x86.ActiveCfg = Debug|Any CPU
		{F9583DB6-583E-45FD-A5C2-5DB6247AF31A}.Debug|x86.Build.0 = Debug|Any CPU
		{F9583DB6-583E-45FD-A5C2-5DB6247AF31A}.Release|Any CPU.ActiveCfg = Release|Any CPU
		{F9583DB6-583E-45FD-A5C2-5DB6247AF31A}.Release|Any CPU.Build.0 = Release|Any CPU
		{F9583DB6-583E-45FD-A5C2-5DB6247AF31A}.Release|x64.ActiveCfg = Release|Any CPU
		{F9583DB6-583E-45FD-A5C2-5DB6247AF31A}.Release|x64.Build.0 = Release|Any CPU
		{F9583DB6-583E-45FD-A5C2-5DB6247AF31A}.Release|x86.ActiveCfg = Release|Any CPU
		{F9583DB6-583E-45FD-A5C2-5DB6247AF31A}.Release|x86.Build.0 = Release|Any CPU
	EndGlobalSection
	GlobalSection(SolutionProperties) = preSolution
		HideSolutionNode = FALSE
	EndGlobalSection
	GlobalSection(ExtensibilityGlobals) = postSolution
		SolutionGuid = {7769F1C9-9D7E-400A-96BC-921F3BB44C41}
	EndGlobalSection
EndGlobal
